
Microsoft Visual Studio Solution File, Format Version 12.00
# Visual Studio Version 17
VisualStudioVersion = 17.1.32328.378
MinimumVisualStudioVersion = 10.0.40219.1
Project("{9A19103F-16F7-4668-BE54-9A1E7A4F7556}") = "StockManager", "StockManager.csproj", "{E6A0C625-B434-45F7-890C-E42D08C5C885}"
EndProject
Project("{2150E333-8FDC-42A3-9474-1A3956D46DE8}") = "Products", "Products", "{E557C7B6-07AF-4C56-9DC9-D645E821F847}"
EndProject
Project("{2150E333-8FDC-42A3-9474-1A3956D46DE8}") = "People", "People", "{FEB8B4F1-7F32-4812-963C-2F942B9EC8C6}"
EndProject
Project("{2150E333-8FDC-42A3-9474-1A3956D46DE8}") = "Warehouse", "Warehouse", "{09EC20C2-6C4B-4D0D-8A40-017363D43B80}"
EndProject
Project("{2150E333-8FDC-42A3-9474-1A3956D46DE8}") = "Common", "Common", "{3FEA41FE-A16B-45EE-B34A-66D4C23C2C5A}"
EndProject
Project("{2150E333-8FDC-42A3-9474-1A3956D46DE8}") = "Orders", "Orders", "{B36FF34F-A520-4B59-BA0F-DD1B125C118C}"
EndProject
Project("{2150E333-8FDC-42A3-9474-1A3956D46DE8}") = "EntryRecords", "EntryRecords", "{9370AAA3-D8E2-4CFD-B797-349A8E0C1629}"
EndProject
Project("{2150E333-8FDC-42A3-9474-1A3956D46DE8}") = "Domains", "Domains", "{04294E93-A08C-4CC8-B5EE-F08A2749300A}"
EndProject
Project("{2150E333-8FDC-42A3-9474-1A3956D46DE8}") = "Infrastructure", "Infrastructure", "{10556511-FBF7-4F6F-A00B-BB54F3AF773F}"
EndProject
Project("{2150E333-8FDC-42A3-9474-1A3956D46DE8}") = "Application", "Application", "{E18B8884-30AE-4231-8E90-69CBDE187687}"
EndProject
Project("{9A19103F-16F7-4668-BE54-9A1E7A4F7556}") = "People.WebApi", "..\People\People.WebApi\People.WebApi.csproj", "{23DC2DB1-F7B6-45B0-98A2-6A543BAE7D65}"
EndProject
Project("{9A19103F-16F7-4668-BE54-9A1E7A4F7556}") = "People.Entities", "..\People\People.Entities\People.Entities.csproj", "{5A627C60-3476-4FB8-8290-8E20FD0687BC}"
EndProject
Project("{9A19103F-16F7-4668-BE54-9A1E7A4F7556}") = "People.BusinessRules", "..\People\People.BusinessRules\People.BusinessRules.csproj", "{E408700D-CFF5-4FC9-A556-DA02839D2691}"
EndProject
Project("{9A19103F-16F7-4668-BE54-9A1E7A4F7556}") = "People.Repository", "..\People\People.Repository\People.Repository.csproj", "{C9CB80FF-5229-41F2-9E60-B3533D31B18A}"
EndProject
Project("{9A19103F-16F7-4668-BE54-9A1E7A4F7556}") = "People.Data", "..\People\People.Data\People.Data.csproj", "{97C3617E-6642-4350-B517-2B77E0D664F6}"
EndProject
Global
	GlobalSection(SolutionConfigurationPlatforms) = preSolution
		Debug|Any CPU = Debug|Any CPU
		Release|Any CPU = Release|Any CPU
	EndGlobalSection
	GlobalSection(ProjectConfigurationPlatforms) = postSolution
		{E6A0C625-B434-45F7-890C-E42D08C5C885}.Debug|Any CPU.ActiveCfg = Debug|Any CPU
		{E6A0C625-B434-45F7-890C-E42D08C5C885}.Debug|Any CPU.Build.0 = Debug|Any CPU
		{E6A0C625-B434-45F7-890C-E42D08C5C885}.Release|Any CPU.ActiveCfg = Release|Any CPU
		{E6A0C625-B434-45F7-890C-E42D08C5C885}.Release|Any CPU.Build.0 = Release|Any CPU
		{23DC2DB1-F7B6-45B0-98A2-6A543BAE7D65}.Debug|Any CPU.ActiveCfg = Debug|Any CPU
		{23DC2DB1-F7B6-45B0-98A2-6A543BAE7D65}.Debug|Any CPU.Build.0 = Debug|Any CPU
		{23DC2DB1-F7B6-45B0-98A2-6A543BAE7D65}.Release|Any CPU.ActiveCfg = Release|Any CPU
		{23DC2DB1-F7B6-45B0-98A2-6A543BAE7D65}.Release|Any CPU.Build.0 = Release|Any CPU
		{5A627C60-3476-4FB8-8290-8E20FD0687BC}.Debug|Any CPU.ActiveCfg = Debug|Any CPU
		{5A627C60-3476-4FB8-8290-8E20FD0687BC}.Debug|Any CPU.Build.0 = Debug|Any CPU
		{5A627C60-3476-4FB8-8290-8E20FD0687BC}.Release|Any CPU.ActiveCfg = Release|Any CPU
		{5A627C60-3476-4FB8-8290-8E20FD0687BC}.Release|Any CPU.Build.0 = Release|Any CPU
		{E408700D-CFF5-4FC9-A556-DA02839D2691}.Debug|Any CPU.ActiveCfg = Debug|Any CPU
		{E408700D-CFF5-4FC9-A556-DA02839D2691}.Debug|Any CPU.Build.0 = Debug|Any CPU
		{E408700D-CFF5-4FC9-A556-DA02839D2691}.Release|Any CPU.ActiveCfg = Release|Any CPU
		{E408700D-CFF5-4FC9-A556-DA02839D2691}.Release|Any CPU.Build.0 = Release|Any CPU
		{C9CB80FF-5229-41F2-9E60-B3533D31B18A}.Debug|Any CPU.ActiveCfg = Debug|Any CPU
		{C9CB80FF-5229-41F2-9E60-B3533D31B18A}.Debug|Any CPU.Build.0 = Debug|Any CPU
		{C9CB80FF-5229-41F2-9E60-B3533D31B18A}.Release|Any CPU.ActiveCfg = Release|Any CPU
		{C9CB80FF-5229-41F2-9E60-B3533D31B18A}.Release|Any CPU.Build.0 = Release|Any CPU
		{97C3617E-6642-4350-B517-2B77E0D664F6}.Debug|Any CPU.ActiveCfg = Debug|Any CPU
		{97C3617E-6642-4350-B517-2B77E0D664F6}.Debug|Any CPU.Build.0 = Debug|Any CPU
		{97C3617E-6642-4350-B517-2B77E0D664F6}.Release|Any CPU.ActiveCfg = Release|Any CPU
		{97C3617E-6642-4350-B517-2B77E0D664F6}.Release|Any CPU.Build.0 = Release|Any CPU
	EndGlobalSection
	GlobalSection(SolutionProperties) = preSolution
		HideSolutionNode = FALSE
	EndGlobalSection
	GlobalSection(NestedProjects) = preSolution
		{E6A0C625-B434-45F7-890C-E42D08C5C885} = {3FEA41FE-A16B-45EE-B34A-66D4C23C2C5A}
		{04294E93-A08C-4CC8-B5EE-F08A2749300A} = {FEB8B4F1-7F32-4812-963C-2F942B9EC8C6}
		{10556511-FBF7-4F6F-A00B-BB54F3AF773F} = {FEB8B4F1-7F32-4812-963C-2F942B9EC8C6}
		{E18B8884-30AE-4231-8E90-69CBDE187687} = {FEB8B4F1-7F32-4812-963C-2F942B9EC8C6}
		{23DC2DB1-F7B6-45B0-98A2-6A543BAE7D65} = {E18B8884-30AE-4231-8E90-69CBDE187687}
		{5A627C60-3476-4FB8-8290-8E20FD0687BC} = {04294E93-A08C-4CC8-B5EE-F08A2749300A}
		{E408700D-CFF5-4FC9-A556-DA02839D2691} = {04294E93-A08C-4CC8-B5EE-F08A2749300A}
		{C9CB80FF-5229-41F2-9E60-B3533D31B18A} = {10556511-FBF7-4F6F-A00B-BB54F3AF773F}
		{97C3617E-6642-4350-B517-2B77E0D664F6} = {10556511-FBF7-4F6F-A00B-BB54F3AF773F}
	EndGlobalSection
	GlobalSection(ExtensibilityGlobals) = postSolution
		SolutionGuid = {3B763BEF-01D1-44B9-9A2C-13B47F2B5900}
	EndGlobalSection
EndGlobal
