
Microsoft Visual Studio Solution File, Format Version 12.00
# Visual Studio Version 17
VisualStudioVersion = 17.1.32328.378
MinimumVisualStudioVersion = 10.0.40219.1
Project("{FAE04EC0-301F-11D3-BF4B-00C04F79EFBC}") = "StockManager", "StockManager.csproj", "{E6A0C625-B434-45F7-890C-E42D08C5C885}"
EndProject
Project("{2150E333-8FDC-42A3-9474-1A3956D46DE8}") = "Products", "Products", "{E557C7B6-07AF-4C56-9DC9-D645E821F847}"
EndProject
Project("{2150E333-8FDC-42A3-9474-1A3956D46DE8}") = "People", "People", "{FEB8B4F1-7F32-4812-963C-2F942B9EC8C6}"
EndProject
Project("{2150E333-8FDC-42A3-9474-1A3956D46DE8}") = "Warehouse", "Warehouse", "{09EC20C2-6C4B-4D0D-8A40-017363D43B80}"
EndProject
Project("{2150E333-8FDC-42A3-9474-1A3956D46DE8}") = "Common", "Common", "{3FEA41FE-A16B-45EE-B34A-66D4C23C2C5A}"
EndProject
Project("{2150E333-8FDC-42A3-9474-1A3956D46DE8}") = "Orders", "Orders", "{B36FF34F-A520-4B59-BA0F-DD1B125C118C}"
EndProject
Project("{2150E333-8FDC-42A3-9474-1A3956D46DE8}") = "EntryRecords", "EntryRecords", "{9370AAA3-D8E2-4CFD-B797-349A8E0C1629}"
EndProject
Project("{2150E333-8FDC-42A3-9474-1A3956D46DE8}") = "Domains", "Domains", "{04294E93-A08C-4CC8-B5EE-F08A2749300A}"
EndProject
Project("{2150E333-8FDC-42A3-9474-1A3956D46DE8}") = "Infrastructure", "Infrastructure", "{10556511-FBF7-4F6F-A00B-BB54F3AF773F}"
EndProject
Project("{2150E333-8FDC-42A3-9474-1A3956D46DE8}") = "Application", "Application", "{E18B8884-30AE-4231-8E90-69CBDE187687}"
EndProject
Project("{FAE04EC0-301F-11D3-BF4B-00C04F79EFBC}") = "People.Entities", "..\People.Entities\People.Entities.csproj", "{5ACECDF1-8312-45EE-B8E2-61DD0354ACCA}"
EndProject
Project("{FAE04EC0-301F-11D3-BF4B-00C04F79EFBC}") = "People.Repository", "..\People.Repository\People.Repository.csproj", "{9352705B-E2A0-4C1E-98B0-57470563B400}"
EndProject
Project("{FAE04EC0-301F-11D3-BF4B-00C04F79EFBC}") = "People.Data", "..\People.Data\People.Data.csproj", "{AB434D3F-DD5F-4639-9A0F-81AD7D062153}"
EndProject
Project("{FAE04EC0-301F-11D3-BF4B-00C04F79EFBC}") = "People.BusinessRules", "..\People.BusinessRules\People.BusinessRules.csproj", "{5BB725F5-E424-45B2-A753-F1DC4B14AB11}"
EndProject
Project("{FAE04EC0-301F-11D3-BF4B-00C04F79EFBC}") = "People.WebApi", "..\People.WebApi\People.WebApi.csproj", "{8D4B639E-F588-4CE9-995D-B6A6720EB8A1}"
EndProject
Global
	GlobalSection(SolutionConfigurationPlatforms) = preSolution
		Debug|Any CPU = Debug|Any CPU
		Release|Any CPU = Release|Any CPU
	EndGlobalSection
	GlobalSection(ProjectConfigurationPlatforms) = postSolution
		{E6A0C625-B434-45F7-890C-E42D08C5C885}.Debug|Any CPU.ActiveCfg = Debug|Any CPU
		{E6A0C625-B434-45F7-890C-E42D08C5C885}.Debug|Any CPU.Build.0 = Debug|Any CPU
		{E6A0C625-B434-45F7-890C-E42D08C5C885}.Release|Any CPU.ActiveCfg = Release|Any CPU
		{E6A0C625-B434-45F7-890C-E42D08C5C885}.Release|Any CPU.Build.0 = Release|Any CPU
		{5ACECDF1-8312-45EE-B8E2-61DD0354ACCA}.Debug|Any CPU.ActiveCfg = Debug|Any CPU
		{5ACECDF1-8312-45EE-B8E2-61DD0354ACCA}.Debug|Any CPU.Build.0 = Debug|Any CPU
		{5ACECDF1-8312-45EE-B8E2-61DD0354ACCA}.Release|Any CPU.ActiveCfg = Release|Any CPU
		{5ACECDF1-8312-45EE-B8E2-61DD0354ACCA}.Release|Any CPU.Build.0 = Release|Any CPU
		{9352705B-E2A0-4C1E-98B0-57470563B400}.Debug|Any CPU.ActiveCfg = Debug|Any CPU
		{9352705B-E2A0-4C1E-98B0-57470563B400}.Debug|Any CPU.Build.0 = Debug|Any CPU
		{9352705B-E2A0-4C1E-98B0-57470563B400}.Release|Any CPU.ActiveCfg = Release|Any CPU
		{9352705B-E2A0-4C1E-98B0-57470563B400}.Release|Any CPU.Build.0 = Release|Any CPU
		{AB434D3F-DD5F-4639-9A0F-81AD7D062153}.Debug|Any CPU.ActiveCfg = Debug|Any CPU
		{AB434D3F-DD5F-4639-9A0F-81AD7D062153}.Debug|Any CPU.Build.0 = Debug|Any CPU
		{AB434D3F-DD5F-4639-9A0F-81AD7D062153}.Release|Any CPU.ActiveCfg = Release|Any CPU
		{AB434D3F-DD5F-4639-9A0F-81AD7D062153}.Release|Any CPU.Build.0 = Release|Any CPU
		{5BB725F5-E424-45B2-A753-F1DC4B14AB11}.Debug|Any CPU.ActiveCfg = Debug|Any CPU
		{5BB725F5-E424-45B2-A753-F1DC4B14AB11}.Debug|Any CPU.Build.0 = Debug|Any CPU
		{5BB725F5-E424-45B2-A753-F1DC4B14AB11}.Release|Any CPU.ActiveCfg = Release|Any CPU
		{5BB725F5-E424-45B2-A753-F1DC4B14AB11}.Release|Any CPU.Build.0 = Release|Any CPU
		{8D4B639E-F588-4CE9-995D-B6A6720EB8A1}.Debug|Any CPU.ActiveCfg = Debug|Any CPU
		{8D4B639E-F588-4CE9-995D-B6A6720EB8A1}.Debug|Any CPU.Build.0 = Debug|Any CPU
		{8D4B639E-F588-4CE9-995D-B6A6720EB8A1}.Release|Any CPU.ActiveCfg = Release|Any CPU
		{8D4B639E-F588-4CE9-995D-B6A6720EB8A1}.Release|Any CPU.Build.0 = Release|Any CPU
	EndGlobalSection
	GlobalSection(SolutionProperties) = preSolution
		HideSolutionNode = FALSE
	EndGlobalSection
	GlobalSection(NestedProjects) = preSolution
		{E6A0C625-B434-45F7-890C-E42D08C5C885} = {3FEA41FE-A16B-45EE-B34A-66D4C23C2C5A}
		{04294E93-A08C-4CC8-B5EE-F08A2749300A} = {FEB8B4F1-7F32-4812-963C-2F942B9EC8C6}
		{10556511-FBF7-4F6F-A00B-BB54F3AF773F} = {FEB8B4F1-7F32-4812-963C-2F942B9EC8C6}
		{E18B8884-30AE-4231-8E90-69CBDE187687} = {FEB8B4F1-7F32-4812-963C-2F942B9EC8C6}
		{5ACECDF1-8312-45EE-B8E2-61DD0354ACCA} = {04294E93-A08C-4CC8-B5EE-F08A2749300A}
		{9352705B-E2A0-4C1E-98B0-57470563B400} = {10556511-FBF7-4F6F-A00B-BB54F3AF773F}
		{AB434D3F-DD5F-4639-9A0F-81AD7D062153} = {10556511-FBF7-4F6F-A00B-BB54F3AF773F}
		{5BB725F5-E424-45B2-A753-F1DC4B14AB11} = {04294E93-A08C-4CC8-B5EE-F08A2749300A}
		{8D4B639E-F588-4CE9-995D-B6A6720EB8A1} = {E18B8884-30AE-4231-8E90-69CBDE187687}
	EndGlobalSection
	GlobalSection(ExtensibilityGlobals) = postSolution
		SolutionGuid = {3B763BEF-01D1-44B9-9A2C-13B47F2B5900}
	EndGlobalSection
EndGlobal
